// !$*UTF8*$!
{
	archiveVersion = 1;
	classes = {
	};
	objectVersion = 56;
	objects = {

/* Begin PBXBuildFile section */
		1ACC4B872B19297D00268DE3 /* AppDelegate.swift in Sources */ = {isa = PBXBuildFile; fileRef = 1ACC4B862B19297D00268DE3 /* AppDelegate.swift */; };
		1ACC4B892B19297D00268DE3 /* SceneDelegate.swift in Sources */ = {isa = PBXBuildFile; fileRef = 1ACC4B882B19297D00268DE3 /* SceneDelegate.swift */; };
		1ACC4B8B2B19297D00268DE3 /* ViewController.swift in Sources */ = {isa = PBXBuildFile; fileRef = 1ACC4B8A2B19297D00268DE3 /* ViewController.swift */; };
		1ACC4B8E2B19297D00268DE3 /* Main.storyboard in Resources */ = {isa = PBXBuildFile; fileRef = 1ACC4B8C2B19297D00268DE3 /* Main.storyboard */; };
		1ACC4B902B19298000268DE3 /* Assets.xcassets in Resources */ = {isa = PBXBuildFile; fileRef = 1ACC4B8F2B19298000268DE3 /* Assets.xcassets */; };
		1ACC4B932B19298000268DE3 /* LaunchScreen.storyboard in Resources */ = {isa = PBXBuildFile; fileRef = 1ACC4B912B19298000268DE3 /* LaunchScreen.storyboard */; };
		1ACC4B9B2B192AC500268DE3 /* GoogleService-Info.plist in Resources */ = {isa = PBXBuildFile; fileRef = 1ACC4B9A2B192AC500268DE3 /* GoogleService-Info.plist */; };
		1ACC4B9D2B1933A100268DE3 /* SignUpViewController.swift in Sources */ = {isa = PBXBuildFile; fileRef = 1ACC4B9C2B1933A100268DE3 /* SignUpViewController.swift */; };
		1ACC4B9F2B1933B100268DE3 /* LoginViewController.swift in Sources */ = {isa = PBXBuildFile; fileRef = 1ACC4B9E2B1933B100268DE3 /* LoginViewController.swift */; };
		1ACC4BA12B19367200268DE3 /* HandleViewController.swift in Sources */ = {isa = PBXBuildFile; fileRef = 1ACC4BA02B19367200268DE3 /* HandleViewController.swift */; };
		1ACC4BA32B193B8200268DE3 /* HomeViewController.swift in Sources */ = {isa = PBXBuildFile; fileRef = 1ACC4BA22B193B8200268DE3 /* HomeViewController.swift */; };
		1ACC4BA52B1949DB00268DE3 /* HomeViewTableViewCell.swift in Sources */ = {isa = PBXBuildFile; fileRef = 1ACC4BA42B1949DB00268DE3 /* HomeViewTableViewCell.swift */; };
		1ACC4BA72B19512800268DE3 /* NewContentViewController.swift in Sources */ = {isa = PBXBuildFile; fileRef = 1ACC4BA62B19512800268DE3 /* NewContentViewController.swift */; };
		1AE0EC332B3780AF00B220F0 /* MeViewController.swift in Sources */ = {isa = PBXBuildFile; fileRef = 1AE0EC322B3780AF00B220F0 /* MeViewController.swift */; };
		970A1DEE03C23FCF4A4DB8C7 /* Pods_App.framework in Frameworks */ = {isa = PBXBuildFile; fileRef = 80D8964C19DD0755927CA0F0 /* Pods_App.framework */; };
/* End PBXBuildFile section */

/* Begin PBXFileReference section */
		1ACC4B832B19297D00268DE3 /* App.app */ = {isa = PBXFileReference; explicitFileType = wrapper.application; includeInIndex = 0; path = App.app; sourceTree = BUILT_PRODUCTS_DIR; };
		1ACC4B862B19297D00268DE3 /* AppDelegate.swift */ = {isa = PBXFileReference; lastKnownFileType = sourcecode.swift; path = AppDelegate.swift; sourceTree = "<group>"; };
		1ACC4B882B19297D00268DE3 /* SceneDelegate.swift */ = {isa = PBXFileReference; lastKnownFileType = sourcecode.swift; path = SceneDelegate.swift; sourceTree = "<group>"; };
		1ACC4B8A2B19297D00268DE3 /* ViewController.swift */ = {isa = PBXFileReference; lastKnownFileType = sourcecode.swift; path = ViewController.swift; sourceTree = "<group>"; };
		1ACC4B8D2B19297D00268DE3 /* Base */ = {isa = PBXFileReference; lastKnownFileType = file.storyboard; name = Base; path = Base.lproj/Main.storyboard; sourceTree = "<group>"; };
		1ACC4B8F2B19298000268DE3 /* Assets.xcassets */ = {isa = PBXFileReference; lastKnownFileType = folder.assetcatalog; path = Assets.xcassets; sourceTree = "<group>"; };
		1ACC4B922B19298000268DE3 /* Base */ = {isa = PBXFileReference; lastKnownFileType = file.storyboard; name = Base; path = Base.lproj/LaunchScreen.storyboard; sourceTree = "<group>"; };
		1ACC4B942B19298000268DE3 /* Info.plist */ = {isa = PBXFileReference; lastKnownFileType = text.plist.xml; path = Info.plist; sourceTree = "<group>"; };
		1ACC4B9A2B192AC500268DE3 /* GoogleService-Info.plist */ = {isa = PBXFileReference; fileEncoding = 4; lastKnownFileType = text.plist.xml; path = "GoogleService-Info.plist"; sourceTree = "<group>"; };
		1ACC4B9C2B1933A100268DE3 /* SignUpViewController.swift */ = {isa = PBXFileReference; lastKnownFileType = sourcecode.swift; path = SignUpViewController.swift; sourceTree = "<group>"; };
		1ACC4B9E2B1933B100268DE3 /* LoginViewController.swift */ = {isa = PBXFileReference; lastKnownFileType = sourcecode.swift; path = LoginViewController.swift; sourceTree = "<group>"; };
		1ACC4BA02B19367200268DE3 /* HandleViewController.swift */ = {isa = PBXFileReference; lastKnownFileType = sourcecode.swift; path = HandleViewController.swift; sourceTree = "<group>"; };
		1ACC4BA22B193B8200268DE3 /* HomeViewController.swift */ = {isa = PBXFileReference; lastKnownFileType = sourcecode.swift; path = HomeViewController.swift; sourceTree = "<group>"; };
		1ACC4BA42B1949DB00268DE3 /* HomeViewTableViewCell.swift */ = {isa = PBXFileReference; lastKnownFileType = sourcecode.swift; path = HomeViewTableViewCell.swift; sourceTree = "<group>"; };
		1ACC4BA62B19512800268DE3 /* NewContentViewController.swift */ = {isa = PBXFileReference; lastKnownFileType = sourcecode.swift; path = NewContentViewController.swift; sourceTree = "<group>"; };
		1AE0EC322B3780AF00B220F0 /* MeViewController.swift */ = {isa = PBXFileReference; lastKnownFileType = sourcecode.swift; path = MeViewController.swift; sourceTree = "<group>"; };
		639DBFBD8F3B2C4491BA5720 /* Pods-App.release.xcconfig */ = {isa = PBXFileReference; includeInIndex = 1; lastKnownFileType = text.xcconfig; name = "Pods-App.release.xcconfig"; path = "Target Support Files/Pods-App/Pods-App.release.xcconfig"; sourceTree = "<group>"; };
		80D8964C19DD0755927CA0F0 /* Pods_App.framework */ = {isa = PBXFileReference; explicitFileType = wrapper.framework; includeInIndex = 0; path = Pods_App.framework; sourceTree = BUILT_PRODUCTS_DIR; };
		DD2993E92F864665B31E3392 /* Pods-App.debug.xcconfig */ = {isa = PBXFileReference; includeInIndex = 1; lastKnownFileType = text.xcconfig; name = "Pods-App.debug.xcconfig"; path = "Target Support Files/Pods-App/Pods-App.debug.xcconfig"; sourceTree = "<group>"; };
/* End PBXFileReference section */

/* Begin PBXFrameworksBuildPhase section */
		1ACC4B802B19297D00268DE3 /* Frameworks */ = {
			isa = PBXFrameworksBuildPhase;
			buildActionMask = 2147483647;
			files = (
				970A1DEE03C23FCF4A4DB8C7 /* Pods_App.framework in Frameworks */,
			);
			runOnlyForDeploymentPostprocessing = 0;
		};
/* End PBXFrameworksBuildPhase section */

/* Begin PBXGroup section */
		0AFAEB6099FD4DBB60427BC9 /* Pods */ = {
			isa = PBXGroup;
			children = (
				DD2993E92F864665B31E3392 /* Pods-App.debug.xcconfig */,
				639DBFBD8F3B2C4491BA5720 /* Pods-App.release.xcconfig */,
			);
			path = Pods;
			sourceTree = "<group>";
		};
		1ACC4B7A2B19297D00268DE3 = {
			isa = PBXGroup;
			children = (
				1ACC4B852B19297D00268DE3 /* App */,
				1ACC4B842B19297D00268DE3 /* Products */,
				0AFAEB6099FD4DBB60427BC9 /* Pods */,
				89F867371595E68153B47FE1 /* Frameworks */,
			);
			sourceTree = "<group>";
		};
		1ACC4B842B19297D00268DE3 /* Products */ = {
			isa = PBXGroup;
			children = (
				1ACC4B832B19297D00268DE3 /* App.app */,
			);
			name = Products;
			sourceTree = "<group>";
		};
		1ACC4B852B19297D00268DE3 /* App */ = {
			isa = PBXGroup;
			children = (
				1ACC4B862B19297D00268DE3 /* AppDelegate.swift */,
				1ACC4B882B19297D00268DE3 /* SceneDelegate.swift */,
				1ACC4B8A2B19297D00268DE3 /* ViewController.swift */,
				1ACC4B9A2B192AC500268DE3 /* GoogleService-Info.plist */,
				1ACC4B8C2B19297D00268DE3 /* Main.storyboard */,
				1ACC4B8F2B19298000268DE3 /* Assets.xcassets */,
				1ACC4B912B19298000268DE3 /* LaunchScreen.storyboard */,
				1ACC4B942B19298000268DE3 /* Info.plist */,
				1ACC4B9C2B1933A100268DE3 /* SignUpViewController.swift */,
				1ACC4B9E2B1933B100268DE3 /* LoginViewController.swift */,
				1ACC4BA02B19367200268DE3 /* HandleViewController.swift */,
				1ACC4BA22B193B8200268DE3 /* HomeViewController.swift */,
				1ACC4BA42B1949DB00268DE3 /* HomeViewTableViewCell.swift */,
				1ACC4BA62B19512800268DE3 /* NewContentViewController.swift */,
				1AE0EC322B3780AF00B220F0 /* MeViewController.swift */,
			);
			path = App;
			sourceTree = "<group>";
		};
		89F867371595E68153B47FE1 /* Frameworks */ = {
			isa = PBXGroup;
			children = (
				80D8964C19DD0755927CA0F0 /* Pods_App.framework */,
			);
			name = Frameworks;
			sourceTree = "<group>";
		};
/* End PBXGroup section */

/* Begin PBXNativeTarget section */
		1ACC4B822B19297D00268DE3 /* App */ = {
			isa = PBXNativeTarget;
			buildConfigurationList = 1ACC4B972B19298000268DE3 /* Build configuration list for PBXNativeTarget "App" */;
			buildPhases = (
				A2043DA77B80C2645FBA2604 /* [CP] Check Pods Manifest.lock */,
				1ACC4B7F2B19297D00268DE3 /* Sources */,
				1ACC4B802B19297D00268DE3 /* Frameworks */,
				1ACC4B812B19297D00268DE3 /* Resources */,
				CDC75303A0D2A5EDE02D1680 /* [CP] Embed Pods Frameworks */,
			);
			buildRules = (
			);
			dependencies = (
			);
			name = App;
			productName = App;
			productReference = 1ACC4B832B19297D00268DE3 /* App.app */;
			productType = "com.apple.product-type.application";
		};
/* End PBXNativeTarget section */

/* Begin PBXProject section */
		1ACC4B7B2B19297D00268DE3 /* Project object */ = {
			isa = PBXProject;
			attributes = {
				BuildIndependentTargetsInParallel = 1;
				LastSwiftUpdateCheck = 1500;
				LastUpgradeCheck = 1500;
				TargetAttributes = {
					1ACC4B822B19297D00268DE3 = {
						CreatedOnToolsVersion = 15.0;
					};
				};
			};
			buildConfigurationList = 1ACC4B7E2B19297D00268DE3 /* Build configuration list for PBXProject "App" */;
			compatibilityVersion = "Xcode 14.0";
			developmentRegion = en;
			hasScannedForEncodings = 0;
			knownRegions = (
				en,
				Base,
			);
			mainGroup = 1ACC4B7A2B19297D00268DE3;
			productRefGroup = 1ACC4B842B19297D00268DE3 /* Products */;
			projectDirPath = "";
			projectRoot = "";
			targets = (
				1ACC4B822B19297D00268DE3 /* App */,
			);
		};
/* End PBXProject section */

/* Begin PBXResourcesBuildPhase section */
		1ACC4B812B19297D00268DE3 /* Resources */ = {
			isa = PBXResourcesBuildPhase;
			buildActionMask = 2147483647;
			files = (
				1ACC4B932B19298000268DE3 /* LaunchScreen.storyboard in Resources */,
				1ACC4B9B2B192AC500268DE3 /* GoogleService-Info.plist in Resources */,
				1ACC4B902B19298000268DE3 /* Assets.xcassets in Resources */,
				1ACC4B8E2B19297D00268DE3 /* Main.storyboard in Resources */,
			);
			runOnlyForDeploymentPostprocessing = 0;
		};
/* End PBXResourcesBuildPhase section */

/* Begin PBXShellScriptBuildPhase section */
		A2043DA77B80C2645FBA2604 /* [CP] Check Pods Manifest.lock */ = {
			isa = PBXShellScriptBuildPhase;
			buildActionMask = 2147483647;
			files = (
			);
			inputFileListPaths = (
			);
			inputPaths = (
				"${PODS_PODFILE_DIR_PATH}/Podfile.lock",
				"${PODS_ROOT}/Manifest.lock",
			);
			name = "[CP] Check Pods Manifest.lock";
			outputFileListPaths = (
			);
			outputPaths = (
				"$(DERIVED_FILE_DIR)/Pods-App-checkManifestLockResult.txt",
			);
			runOnlyForDeploymentPostprocessing = 0;
			shellPath = /bin/sh;
			shellScript = "diff \"${PODS_PODFILE_DIR_PATH}/Podfile.lock\" \"${PODS_ROOT}/Manifest.lock\" > /dev/null\nif [ $? != 0 ] ; then\n    # print error to STDERR\n    echo \"error: The sandbox is not in sync with the Podfile.lock. Run 'pod install' or update your CocoaPods installation.\" >&2\n    exit 1\nfi\n# This output is used by Xcode 'outputs' to avoid re-running this script phase.\necho \"SUCCESS\" > \"${SCRIPT_OUTPUT_FILE_0}\"\n";
			showEnvVarsInLog = 0;
		};
		CDC75303A0D2A5EDE02D1680 /* [CP] Embed Pods Frameworks */ = {
			isa = PBXShellScriptBuildPhase;
			buildActionMask = 2147483647;
			files = (
			);
			inputFileListPaths = (
				"${PODS_ROOT}/Target Support Files/Pods-App/Pods-App-frameworks-${CONFIGURATION}-input-files.xcfilelist",
			);
			name = "[CP] Embed Pods Frameworks";
			outputFileListPaths = (
				"${PODS_ROOT}/Target Support Files/Pods-App/Pods-App-frameworks-${CONFIGURATION}-output-files.xcfilelist",
			);
			runOnlyForDeploymentPostprocessing = 0;
			shellPath = /bin/sh;
			shellScript = "\"${PODS_ROOT}/Target Support Files/Pods-App/Pods-App-frameworks.sh\"\n";
			showEnvVarsInLog = 0;
		};
/* End PBXShellScriptBuildPhase section */

/* Begin PBXSourcesBuildPhase section */
		1ACC4B7F2B19297D00268DE3 /* Sources */ = {
			isa = PBXSourcesBuildPhase;
			buildActionMask = 2147483647;
			files = (
				1AE0EC332B3780AF00B220F0 /* MeViewController.swift in Sources */,
				1ACC4B8B2B19297D00268DE3 /* ViewController.swift in Sources */,
				1ACC4B872B19297D00268DE3 /* AppDelegate.swift in Sources */,
				1ACC4BA72B19512800268DE3 /* NewContentViewController.swift in Sources */,
				1ACC4B9D2B1933A100268DE3 /* SignUpViewController.swift in Sources */,
				1ACC4B9F2B1933B100268DE3 /* LoginViewController.swift in Sources */,
				1ACC4BA12B19367200268DE3 /* HandleViewController.swift in Sources */,
				1ACC4BA52B1949DB00268DE3 /* HomeViewTableViewCell.swift in Sources */,
				1ACC4BA32B193B8200268DE3 /* HomeViewController.swift in Sources */,
				1ACC4B892B19297D00268DE3 /* SceneDelegate.swift in Sources */,
			);
			runOnlyForDeploymentPostprocessing = 0;
		};
/* End PBXSourcesBuildPhase section */

/* Begin PBXVariantGroup section */
		1ACC4B8C2B19297D00268DE3 /* Main.storyboard */ = {
			isa = PBXVariantGroup;
			children = (
				1ACC4B8D2B19297D00268DE3 /* Base */,
			);
			name = Main.storyboard;
			sourceTree = "<group>";
		};
		1ACC4B912B19298000268DE3 /* LaunchScreen.storyboard */ = {
			isa = PBXVariantGroup;
			children = (
				1ACC4B922B19298000268DE3 /* Base */,
			);
			name = LaunchScreen.storyboard;
			sourceTree = "<group>";
		};
/* End PBXVariantGroup section */

/* Begin XCBuildConfiguration section */
		1ACC4B952B19298000268DE3 /* Debug */ = {
			isa = XCBuildConfiguration;
			buildSettings = {
				ALWAYS_SEARCH_USER_PATHS = NO;
				ASSETCATALOG_COMPILER_GENERATE_SWIFT_ASSET_SYMBOL_EXTENSIONS = YES;
				CLANG_ANALYZER_NONNULL = YES;
				CLANG_ANALYZER_NUMBER_OBJECT_CONVERSION = YES_AGGRESSIVE;
				CLANG_CXX_LANGUAGE_STANDARD = "gnu++20";
				CLANG_ENABLE_MODULES = YES;
				CLANG_ENABLE_OBJC_ARC = YES;
				CLANG_ENABLE_OBJC_WEAK = YES;
				CLANG_WARN_BLOCK_CAPTURE_AUTORELEASING = YES;
				CLANG_WARN_BOOL_CONVERSION = YES;
				CLANG_WARN_COMMA = YES;
				CLANG_WARN_CONSTANT_CONVERSION = YES;
				CLANG_WARN_DEPRECATED_OBJC_IMPLEMENTATIONS = YES;
				CLANG_WARN_DIRECT_OBJC_ISA_USAGE = YES_ERROR;
				CLANG_WARN_DOCUMENTATION_COMMENTS = YES;
				CLANG_WARN_EMPTY_BODY = YES;
				CLANG_WARN_ENUM_CONVERSION = YES;
				CLANG_WARN_INFINITE_RECURSION = YES;
				CLANG_WARN_INT_CONVERSION = YES;
				CLANG_WARN_NON_LITERAL_NULL_CONVERSION = YES;
				CLANG_WARN_OBJC_IMPLICIT_RETAIN_SELF = YES;
				CLANG_WARN_OBJC_LITERAL_CONVERSION = YES;
				CLANG_WARN_OBJC_ROOT_CLASS = YES_ERROR;
				CLANG_WARN_QUOTED_INCLUDE_IN_FRAMEWORK_HEADER = YES;
				CLANG_WARN_RANGE_LOOP_ANALYSIS = YES;
				CLANG_WARN_STRICT_PROTOTYPES = YES;
				CLANG_WARN_SUSPICIOUS_MOVE = YES;
				CLANG_WARN_UNGUARDED_AVAILABILITY = YES_AGGRESSIVE;
				CLANG_WARN_UNREACHABLE_CODE = YES;
				CLANG_WARN__DUPLICATE_METHOD_MATCH = YES;
				COPY_PHASE_STRIP = NO;
				DEBUG_INFORMATION_FORMAT = dwarf;
				ENABLE_STRICT_OBJC_MSGSEND = YES;
				ENABLE_TESTABILITY = YES;
				ENABLE_USER_SCRIPT_SANDBOXING = NO;
				GCC_C_LANGUAGE_STANDARD = gnu17;
				GCC_DYNAMIC_NO_PIC = NO;
				GCC_NO_COMMON_BLOCKS = YES;
				GCC_OPTIMIZATION_LEVEL = 0;
				GCC_PREPROCESSOR_DEFINITIONS = (
					"DEBUG=1",
					"$(inherited)",
				);
				GCC_WARN_64_TO_32_BIT_CONVERSION = YES;
				GCC_WARN_ABOUT_RETURN_TYPE = YES_ERROR;
				GCC_WARN_UNDECLARED_SELECTOR = YES;
				GCC_WARN_UNINITIALIZED_AUTOS = YES_AGGRESSIVE;
				GCC_WARN_UNUSED_FUNCTION = YES;
				GCC_WARN_UNUSED_VARIABLE = YES;
				IPHONEOS_DEPLOYMENT_TARGET = 17.0;
				LOCALIZATION_PREFERS_STRING_CATALOGS = YES;
				MTL_ENABLE_DEBUG_INFO = INCLUDE_SOURCE;
				MTL_FAST_MATH = YES;
				ONLY_ACTIVE_ARCH = YES;
				SDKROOT = iphoneos;
				SWIFT_ACTIVE_COMPILATION_CONDITIONS = "DEBUG $(inherited)";
				SWIFT_OPTIMIZATION_LEVEL = "-Onone";
			};
			name = Debug;
		};
		1ACC4B962B19298000268DE3 /* Release */ = {
			isa = XCBuildConfiguration;
			buildSettings = {
				ALWAYS_SEARCH_USER_PATHS = NO;
				ASSETCATALOG_COMPILER_GENERATE_SWIFT_ASSET_SYMBOL_EXTENSIONS = YES;
				CLANG_ANALYZER_NONNULL = YES;
				CLANG_ANALYZER_NUMBER_OBJECT_CONVERSION = YES_AGGRESSIVE;
				CLANG_CXX_LANGUAGE_STANDARD = "gnu++20";
				CLANG_ENABLE_MODULES = YES;
				CLANG_ENABLE_OBJC_ARC = YES;
				CLANG_ENABLE_OBJC_WEAK = YES;
				CLANG_WARN_BLOCK_CAPTURE_AUTORELEASING = YES;
				CLANG_WARN_BOOL_CONVERSION = YES;
				CLANG_WARN_COMMA = YES;
				CLANG_WARN_CONSTANT_CONVERSION = YES;
				CLANG_WARN_DEPRECATED_OBJC_IMPLEMENTATIONS = YES;
				CLANG_WARN_DIRECT_OBJC_ISA_USAGE = YES_ERROR;
				CLANG_WARN_DOCUMENTATION_COMMENTS = YES;
				CLANG_WARN_EMPTY_BODY = YES;
				CLANG_WARN_ENUM_CONVERSION = YES;
				CLANG_WARN_INFINITE_RECURSION = YES;
				CLANG_WARN_INT_CONVERSION = YES;
				CLANG_WARN_NON_LITERAL_NULL_CONVERSION = YES;
				CLANG_WARN_OBJC_IMPLICIT_RETAIN_SELF = YES;
				CLANG_WARN_OBJC_LITERAL_CONVERSION = YES;
				CLANG_WARN_OBJC_ROOT_CLASS = YES_ERROR;
				CLANG_WARN_QUOTED_INCLUDE_IN_FRAMEWORK_HEADER = YES;
				CLANG_WARN_RANGE_LOOP_ANALYSIS = YES;
				CLANG_WARN_STRICT_PROTOTYPES = YES;
				CLANG_WARN_SUSPICIOUS_MOVE = YES;
				CLANG_WARN_UNGUARDED_AVAILABILITY = YES_AGGRESSIVE;
				CLANG_WARN_UNREACHABLE_CODE = YES;
				CLANG_WARN__DUPLICATE_METHOD_MATCH = YES;
				COPY_PHASE_STRIP = NO;
				DEBUG_INFORMATION_FORMAT = "dwarf-with-dsym";
				ENABLE_NS_ASSERTIONS = NO;
				ENABLE_STRICT_OBJC_MSGSEND = YES;
				ENABLE_USER_SCRIPT_SANDBOXING = NO;
				GCC_C_LANGUAGE_STANDARD = gnu17;
				GCC_NO_COMMON_BLOCKS = YES;
				GCC_WARN_64_TO_32_BIT_CONVERSION = YES;
				GCC_WARN_ABOUT_RETURN_TYPE = YES_ERROR;
				GCC_WARN_UNDECLARED_SELECTOR = YES;
				GCC_WARN_UNINITIALIZED_AUTOS = YES_AGGRESSIVE;
				GCC_WARN_UNUSED_FUNCTION = YES;
				GCC_WARN_UNUSED_VARIABLE = YES;
				IPHONEOS_DEPLOYMENT_TARGET = 17.0;
				LOCALIZATION_PREFERS_STRING_CATALOGS = YES;
				MTL_ENABLE_DEBUG_INFO = NO;
				MTL_FAST_MATH = YES;
				SDKROOT = iphoneos;
				SWIFT_COMPILATION_MODE = wholemodule;
				VALIDATE_PRODUCT = YES;
			};
			name = Release;
		};
		1ACC4B982B19298000268DE3 /* Debug */ = {
			isa = XCBuildConfiguration;
			baseConfigurationReference = DD2993E92F864665B31E3392 /* Pods-App.debug.xcconfig */;
			buildSettings = {
				ASSETCATALOG_COMPILER_APPICON_NAME = AppIcon;
				ASSETCATALOG_COMPILER_GLOBAL_ACCENT_COLOR_NAME = AccentColor;
				CODE_SIGN_STYLE = Automatic;
				CURRENT_PROJECT_VERSION = 1;
				DEVELOPMENT_TEAM = 95N24W2PH8;
				GENERATE_INFOPLIST_FILE = YES;
				INFOPLIST_FILE = App/Info.plist;
				INFOPLIST_KEY_UIApplicationSupportsIndirectInputEvents = YES;
				INFOPLIST_KEY_UILaunchStoryboardName = LaunchScreen;
				INFOPLIST_KEY_UIMainStoryboardFile = Main;
				INFOPLIST_KEY_UISupportedInterfaceOrientations_iPad = "UIInterfaceOrientationPortrait UIInterfaceOrientationPortraitUpsideDown UIInterfaceOrientationLandscapeLeft UIInterfaceOrientationLandscapeRight";
				INFOPLIST_KEY_UISupportedInterfaceOrientations_iPhone = "UIInterfaceOrientationPortrait UIInterfaceOrientationLandscapeLeft UIInterfaceOrientationLandscapeRight";
				LD_RUNPATH_SEARCH_PATHS = (
					"$(inherited)",
					"@executable_path/Frameworks",
				);
				MARKETING_VERSION = 1.0;
				PRODUCT_BUNDLE_IDENTIFIER = elif.App;
				PRODUCT_NAME = "$(TARGET_NAME)";
				SWIFT_EMIT_LOC_STRINGS = YES;
				SWIFT_VERSION = 5.0;
				TARGETED_DEVICE_FAMILY = "1,2";
			};
			name = Debug;
		};
		1ACC4B992B19298000268DE3 /* Release */ = {
			isa = XCBuildConfiguration;
			baseConfigurationReference = 639DBFBD8F3B2C4491BA5720 /* Pods-App.release.xcconfig */;
			buildSettings = {
				ASSETCATALOG_COMPILER_APPICON_NAME = AppIcon;
				ASSETCATALOG_COMPILER_GLOBAL_ACCENT_COLOR_NAME = AccentColor;
				CODE_SIGN_STYLE = Automatic;
				CURRENT_PROJECT_VERSION = 1;
				DEVELOPMENT_TEAM = 95N24W2PH8;
				GENERATE_INFOPLIST_FILE = YES;
				INFOPLIST_FILE = App/Info.plist;
				INFOPLIST_KEY_UIApplicationSupportsIndirectInputEvents = YES;
				INFOPLIST_KEY_UILaunchStoryboardName = LaunchScreen;
				INFOPLIST_KEY_UIMainStoryboardFile = Main;
				INFOPLIST_KEY_UISupportedInterfaceOrientations_iPad = "UIInterfaceOrientationPortrait UIInterfaceOrientationPortraitUpsideDown UIInterfaceOrientationLandscapeLeft UIInterfaceOrientationLandscapeRight";
				INFOPLIST_KEY_UISupportedInterfaceOrientations_iPhone = "UIInterfaceOrientationPortrait UIInterfaceOrientationLandscapeLeft UIInterfaceOrientationLandscapeRight";
				LD_RUNPATH_SEARCH_PATHS = (
					"$(inherited)",
					"@executable_path/Frameworks",
				);
				MARKETING_VERSION = 1.0;
				PRODUCT_BUNDLE_IDENTIFIER = elif.App;
				PRODUCT_NAME = "$(TARGET_NAME)";
				SWIFT_EMIT_LOC_STRINGS = YES;
				SWIFT_VERSION = 5.0;
				TARGETED_DEVICE_FAMILY = "1,2";
			};
			name = Release;
		};
/* End XCBuildConfiguration section */

/* Begin XCConfigurationList section */
		1ACC4B7E2B19297D00268DE3 /* Build configuration list for PBXProject "App" */ = {
			isa = XCConfigurationList;
			buildConfigurations = (
				1ACC4B952B19298000268DE3 /* Debug */,
				1ACC4B962B19298000268DE3 /* Release */,
			);
			defaultConfigurationIsVisible = 0;
			defaultConfigurationName = Release;
		};
		1ACC4B972B19298000268DE3 /* Build configuration list for PBXNativeTarget "App" */ = {
			isa = XCConfigurationList;
			buildConfigurations = (
				1ACC4B982B19298000268DE3 /* Debug */,
				1ACC4B992B19298000268DE3 /* Release */,
			);
			defaultConfigurationIsVisible = 0;
			defaultConfigurationName = Release;
		};
/* End XCConfigurationList section */
	};
	rootObject = 1ACC4B7B2B19297D00268DE3 /* Project object */;
}
